
Microsoft Visual Studio Solution File, Format Version 12.00
# Visual Studio Version 16
VisualStudioVersion = 16.0.31019.35
MinimumVisualStudioVersion = 10.0.40219.1
Project("{FAE04EC0-301F-11D3-BF4B-00C04F79EFBC}") = "Chainblock", "Chainblock\Chainblock.csproj", "{59910C70-A56A-4F71-B4EC-536288C10C0B}"
EndProject
Project("{FAE04EC0-301F-11D3-BF4B-00C04F79EFBC}") = "Chainblock.Tests", "Chainblock.Tests\Chainblock.Tests.csproj", "{14D87888-986F-449D-93DF-FA09BC8B5D8C}"
EndProject
Global
	GlobalSection(SolutionConfigurationPlatforms) = preSolution
		Debug|Any CPU = Debug|Any CPU
		Release|Any CPU = Release|Any CPU
	EndGlobalSection
	GlobalSection(ProjectConfigurationPlatforms) = postSolution
		{59910C70-A56A-4F71-B4EC-536288C10C0B}.Debug|Any CPU.ActiveCfg = Debug|Any CPU
		{59910C70-A56A-4F71-B4EC-536288C10C0B}.Debug|Any CPU.Build.0 = Debug|Any CPU
		{59910C70-A56A-4F71-B4EC-536288C10C0B}.Release|Any CPU.ActiveCfg = Release|Any CPU
		{59910C70-A56A-4F71-B4EC-536288C10C0B}.Release|Any CPU.Build.0 = Release|Any CPU
		{14D87888-986F-449D-93DF-FA09BC8B5D8C}.Debug|Any CPU.ActiveCfg = Debug|Any CPU
		{14D87888-986F-449D-93DF-FA09BC8B5D8C}.Debug|Any CPU.Build.0 = Debug|Any CPU
		{14D87888-986F-449D-93DF-FA09BC8B5D8C}.Release|Any CPU.ActiveCfg = Release|Any CPU
		{14D87888-986F-449D-93DF-FA09BC8B5D8C}.Release|Any CPU.Build.0 = Release|Any CPU
	EndGlobalSection
	GlobalSection(SolutionProperties) = preSolution
		HideSolutionNode = FALSE
	EndGlobalSection
	GlobalSection(ExtensibilityGlobals) = postSolution
		SolutionGuid = {D396FE4C-415A-4250-9C25-1C8A952B9E1C}
	EndGlobalSection
EndGlobal
