
Microsoft Visual Studio Solution File, Format Version 12.00
# Visual Studio Version 16
VisualStudioVersion = 16.0.31019.35
MinimumVisualStudioVersion = 10.0.40219.1
Project("{9A19103F-16F7-4668-BE54-9A1E7A4F7556}") = "03.UnitTests", "03.UnitTests\03.UnitTests.csproj", "{C008EDE6-5AB2-4003-9C95-8C999DF2DB33}"
EndProject
Project("{9A19103F-16F7-4668-BE54-9A1E7A4F7556}") = "03.UnitTests.Tests", "03.UnitTests.Tests\03.UnitTests.Tests.csproj", "{D1E1BE30-9505-4D42-80F6-E647FBB113D2}"
EndProject
Project("{FAE04EC0-301F-11D3-BF4B-00C04F79EFBC}") = "01.Structure", "01.Structure\01.Structure.csproj", "{4D94B8DB-BF0A-4654-ABEF-782D8A94B38A}"
EndProject
Global
	GlobalSection(SolutionConfigurationPlatforms) = preSolution
		Debug|Any CPU = Debug|Any CPU
		Release|Any CPU = Release|Any CPU
	EndGlobalSection
	GlobalSection(ProjectConfigurationPlatforms) = postSolution
		{C008EDE6-5AB2-4003-9C95-8C999DF2DB33}.Debug|Any CPU.ActiveCfg = Debug|Any CPU
		{C008EDE6-5AB2-4003-9C95-8C999DF2DB33}.Debug|Any CPU.Build.0 = Debug|Any CPU
		{C008EDE6-5AB2-4003-9C95-8C999DF2DB33}.Release|Any CPU.ActiveCfg = Release|Any CPU
		{C008EDE6-5AB2-4003-9C95-8C999DF2DB33}.Release|Any CPU.Build.0 = Release|Any CPU
		{D1E1BE30-9505-4D42-80F6-E647FBB113D2}.Debug|Any CPU.ActiveCfg = Debug|Any CPU
		{D1E1BE30-9505-4D42-80F6-E647FBB113D2}.Debug|Any CPU.Build.0 = Debug|Any CPU
		{D1E1BE30-9505-4D42-80F6-E647FBB113D2}.Release|Any CPU.ActiveCfg = Release|Any CPU
		{D1E1BE30-9505-4D42-80F6-E647FBB113D2}.Release|Any CPU.Build.0 = Release|Any CPU
		{4D94B8DB-BF0A-4654-ABEF-782D8A94B38A}.Debug|Any CPU.ActiveCfg = Debug|Any CPU
		{4D94B8DB-BF0A-4654-ABEF-782D8A94B38A}.Debug|Any CPU.Build.0 = Debug|Any CPU
		{4D94B8DB-BF0A-4654-ABEF-782D8A94B38A}.Release|Any CPU.ActiveCfg = Release|Any CPU
		{4D94B8DB-BF0A-4654-ABEF-782D8A94B38A}.Release|Any CPU.Build.0 = Release|Any CPU
	EndGlobalSection
	GlobalSection(SolutionProperties) = preSolution
		HideSolutionNode = FALSE
	EndGlobalSection
	GlobalSection(ExtensibilityGlobals) = postSolution
		SolutionGuid = {1EA8A8CA-CC09-4149-88EB-C0E828E0E6FF}
	EndGlobalSection
EndGlobal
